schema: '2.0'
stages:
  split_data:
    cmd: python src/data_split.py
    deps:
    - path: data/raw/images
      hash: md5
      md5: 7c674869aa2309ed26f0d261f3e3851d.dir
      size: 246747329
      nfiles: 532
    - path: data/raw/labels
      hash: md5
      md5: 23f5402abcb03dcffb506e616bb2a34a.dir
      size: 41926
      nfiles: 535
    - path: src/data_split.py
      hash: md5
      md5: 6802e40f3b6c1cb347ba8823efab1c3e
      size: 2348
    outs:
    - path: data/processed/test
      hash: md5
      md5: ca793071fc08283d8da56bf7c8a4f26a.dir
      size: 22409823
      nfiles: 106
    - path: data/processed/train
      hash: md5
      md5: 29ed9faf4185cc541911194cd42b4c84.dir
      size: 198326087
      nfiles: 852
    - path: data/processed/val
      hash: md5
      md5: 5a8ef988cf4672976de6f47a1d7a3b61.dir
      size: 26053105
      nfiles: 106
